
Microsoft Visual Studio Solution File, Format Version 12.00
# Visual Studio Version 16
VisualStudioVersion = 16.0.30907.101
MinimumVisualStudioVersion = 10.0.40219.1
Project("{FAE04EC0-301F-11D3-BF4B-00C04F79EFBC}") = "InClassExampleDay3", "InClassExampleDay3\InClassExampleDay3.csproj", "{EB053046-2DD8-4815-9424-5FE89EB89EB9}"
EndProject
Global
	GlobalSection(SolutionConfigurationPlatforms) = preSolution
		Debug|Any CPU = Debug|Any CPU
		Release|Any CPU = Release|Any CPU
	EndGlobalSection
	GlobalSection(ProjectConfigurationPlatforms) = postSolution
		{EB053046-2DD8-4815-9424-5FE89EB89EB9}.Debug|Any CPU.ActiveCfg = Debug|Any CPU
		{EB053046-2DD8-4815-9424-5FE89EB89EB9}.Debug|Any CPU.Build.0 = Debug|Any CPU
		{EB053046-2DD8-4815-9424-5FE89EB89EB9}.Release|Any CPU.ActiveCfg = Release|Any CPU
		{EB053046-2DD8-4815-9424-5FE89EB89EB9}.Release|Any CPU.Build.0 = Release|Any CPU
	EndGlobalSection
	GlobalSection(SolutionProperties) = preSolution
		HideSolutionNode = FALSE
	EndGlobalSection
	GlobalSection(ExtensibilityGlobals) = postSolution
		SolutionGuid = {0A311D07-647E-43DB-AA4C-9ABC47EC0A2F}
	EndGlobalSection
EndGlobal
